// !$*UTF8*$!
{
	archiveVersion = 1;
	classes = {
	};
	objectVersion = 51;
	objects = {

/* Begin PBXBuildFile section */
		8D5741BD312F9F66536BFD74 /* Pods_CFFormExample.framework in Frameworks */ = {isa = PBXBuildFile; fileRef = 1E6A602B392AF8755625C7AE /* Pods_CFFormExample.framework */; };
		C19760F422DAF2DB0075B860 /* AppDelegate.swift in Sources */ = {isa = PBXBuildFile; fileRef = C19760F322DAF2DB0075B860 /* AppDelegate.swift */; };
		C19760FB22DAF2E30075B860 /* Assets.xcassets in Resources */ = {isa = PBXBuildFile; fileRef = C19760FA22DAF2E30075B860 /* Assets.xcassets */; };
		C19760FE22DAF2E30075B860 /* LaunchScreen.storyboard in Resources */ = {isa = PBXBuildFile; fileRef = C19760FC22DAF2E30075B860 /* LaunchScreen.storyboard */; };
		C197610922DAF97D0075B860 /* CFFormController.swift in Sources */ = {isa = PBXBuildFile; fileRef = C19760F522DAF2DB0075B860 /* CFFormController.swift */; };
		C197610C22DAFA150075B860 /* CFForm.swift in Sources */ = {isa = PBXBuildFile; fileRef = C197610B22DAFA150075B860 /* CFForm.swift */; };
		C197611022DB2BF30075B860 /* CFValidationError.swift in Sources */ = {isa = PBXBuildFile; fileRef = C197610F22DB2BF30075B860 /* CFValidationError.swift */; };
		C197611222DB2C570075B860 /* CFValidationPolicy.swift in Sources */ = {isa = PBXBuildFile; fileRef = C197611122DB2C570075B860 /* CFValidationPolicy.swift */; };
		C197611422DCC82B0075B860 /* CFValidationRule.swift in Sources */ = {isa = PBXBuildFile; fileRef = C197611322DCC82B0075B860 /* CFValidationRule.swift */; };
		C19BA07C22F6B94D004E2881 /* CFRangeValidationRule.swift in Sources */ = {isa = PBXBuildFile; fileRef = C19BA07B22F6B94D004E2881 /* CFRangeValidationRule.swift */; };
		C19BA07E22F6BB98004E2881 /* Result.swift in Sources */ = {isa = PBXBuildFile; fileRef = C19BA07D22F6BB98004E2881 /* Result.swift */; };
		C1BD743F22F0C55600194DC7 /* CFFormAbstract.swift in Sources */ = {isa = PBXBuildFile; fileRef = C1BD743E22F0C55600194DC7 /* CFFormAbstract.swift */; };
		C1E74BC722DCCDC8003D444B /* CFTransformation.swift in Sources */ = {isa = PBXBuildFile; fileRef = C1E74BC622DCCDC8003D444B /* CFTransformation.swift */; };
		C1E74BC922DCCE3E003D444B /* CFFieldAbstract.swift in Sources */ = {isa = PBXBuildFile; fileRef = C1E74BC822DCCE3E003D444B /* CFFieldAbstract.swift */; };
		C1E74BCB22DCCEA1003D444B /* CFSectionAbstract.swift in Sources */ = {isa = PBXBuildFile; fileRef = C1E74BCA22DCCEA1003D444B /* CFSectionAbstract.swift */; };
		C1E74BCF22DCD19C003D444B /* BaseTableDataDisplayManager.swift in Sources */ = {isa = PBXBuildFile; fileRef = C1E74BCE22DCD19C003D444B /* BaseTableDataDisplayManager.swift */; };
		C1E74BD122DCD2D6003D444B /* CFLoadableField.swift in Sources */ = {isa = PBXBuildFile; fileRef = C1E74BD022DCD2D6003D444B /* CFLoadableField.swift */; };
/* End PBXBuildFile section */

/* Begin PBXFileReference section */
		1DE00D04E7898DB85DC86E29 /* Pods-CFForm Example.release.xcconfig */ = {isa = PBXFileReference; includeInIndex = 1; lastKnownFileType = text.xcconfig; name = "Pods-CFForm Example.release.xcconfig"; path = "Target Support Files/Pods-CFForm Example/Pods-CFForm Example.release.xcconfig"; sourceTree = "<group>"; };
		1E6A602B392AF8755625C7AE /* Pods_CFFormExample.framework */ = {isa = PBXFileReference; explicitFileType = wrapper.framework; includeInIndex = 0; path = Pods_CFFormExample.framework; sourceTree = BUILT_PRODUCTS_DIR; };
		2BA0080886D1ED04769A93AA /* Pods-CFFormExample.release.xcconfig */ = {isa = PBXFileReference; includeInIndex = 1; lastKnownFileType = text.xcconfig; name = "Pods-CFFormExample.release.xcconfig"; path = "Target Support Files/Pods-CFFormExample/Pods-CFFormExample.release.xcconfig"; sourceTree = "<group>"; };
		72A041D47162E772A8702331 /* Pods-CFFormExample.debug.xcconfig */ = {isa = PBXFileReference; includeInIndex = 1; lastKnownFileType = text.xcconfig; name = "Pods-CFFormExample.debug.xcconfig"; path = "Target Support Files/Pods-CFFormExample/Pods-CFFormExample.debug.xcconfig"; sourceTree = "<group>"; };
		C19760F022DAF2DB0075B860 /* CFFormExample.app */ = {isa = PBXFileReference; explicitFileType = wrapper.application; includeInIndex = 0; path = CFFormExample.app; sourceTree = BUILT_PRODUCTS_DIR; };
		C19760F322DAF2DB0075B860 /* AppDelegate.swift */ = {isa = PBXFileReference; lastKnownFileType = sourcecode.swift; path = AppDelegate.swift; sourceTree = "<group>"; };
		C19760F522DAF2DB0075B860 /* CFFormController.swift */ = {isa = PBXFileReference; lastKnownFileType = sourcecode.swift; path = CFFormController.swift; sourceTree = "<group>"; };
		C19760FA22DAF2E30075B860 /* Assets.xcassets */ = {isa = PBXFileReference; lastKnownFileType = folder.assetcatalog; path = Assets.xcassets; sourceTree = "<group>"; };
		C19760FD22DAF2E30075B860 /* Base */ = {isa = PBXFileReference; lastKnownFileType = file.storyboard; name = Base; path = Base.lproj/LaunchScreen.storyboard; sourceTree = "<group>"; };
		C19760FF22DAF2E30075B860 /* Info.plist */ = {isa = PBXFileReference; lastKnownFileType = text.plist.xml; path = Info.plist; sourceTree = "<group>"; };
		C197610B22DAFA150075B860 /* CFForm.swift */ = {isa = PBXFileReference; lastKnownFileType = sourcecode.swift; path = CFForm.swift; sourceTree = "<group>"; };
		C197610F22DB2BF30075B860 /* CFValidationError.swift */ = {isa = PBXFileReference; lastKnownFileType = sourcecode.swift; path = CFValidationError.swift; sourceTree = "<group>"; };
		C197611122DB2C570075B860 /* CFValidationPolicy.swift */ = {isa = PBXFileReference; lastKnownFileType = sourcecode.swift; path = CFValidationPolicy.swift; sourceTree = "<group>"; };
		C197611322DCC82B0075B860 /* CFValidationRule.swift */ = {isa = PBXFileReference; lastKnownFileType = sourcecode.swift; path = CFValidationRule.swift; sourceTree = "<group>"; };
		C19BA07B22F6B94D004E2881 /* CFRangeValidationRule.swift */ = {isa = PBXFileReference; lastKnownFileType = sourcecode.swift; path = CFRangeValidationRule.swift; sourceTree = "<group>"; };
		C19BA07D22F6BB98004E2881 /* Result.swift */ = {isa = PBXFileReference; lastKnownFileType = sourcecode.swift; path = Result.swift; sourceTree = "<group>"; };
		C1BD743E22F0C55600194DC7 /* CFFormAbstract.swift */ = {isa = PBXFileReference; lastKnownFileType = sourcecode.swift; path = CFFormAbstract.swift; sourceTree = "<group>"; };
		C1E74BC622DCCDC8003D444B /* CFTransformation.swift */ = {isa = PBXFileReference; lastKnownFileType = sourcecode.swift; path = CFTransformation.swift; sourceTree = "<group>"; };
		C1E74BC822DCCE3E003D444B /* CFFieldAbstract.swift */ = {isa = PBXFileReference; lastKnownFileType = sourcecode.swift; path = CFFieldAbstract.swift; sourceTree = "<group>"; };
		C1E74BCA22DCCEA1003D444B /* CFSectionAbstract.swift */ = {isa = PBXFileReference; lastKnownFileType = sourcecode.swift; path = CFSectionAbstract.swift; sourceTree = "<group>"; };
		C1E74BCE22DCD19C003D444B /* BaseTableDataDisplayManager.swift */ = {isa = PBXFileReference; lastKnownFileType = sourcecode.swift; path = BaseTableDataDisplayManager.swift; sourceTree = "<group>"; };
		C1E74BD022DCD2D6003D444B /* CFLoadableField.swift */ = {isa = PBXFileReference; lastKnownFileType = sourcecode.swift; path = CFLoadableField.swift; sourceTree = "<group>"; };
		E12269875CB75EE00C79F45B /* Pods-CFForm Example.debug.xcconfig */ = {isa = PBXFileReference; includeInIndex = 1; lastKnownFileType = text.xcconfig; name = "Pods-CFForm Example.debug.xcconfig"; path = "Target Support Files/Pods-CFForm Example/Pods-CFForm Example.debug.xcconfig"; sourceTree = "<group>"; };
/* End PBXFileReference section */

/* Begin PBXFrameworksBuildPhase section */
		C19760ED22DAF2DB0075B860 /* Frameworks */ = {
			isa = PBXFrameworksBuildPhase;
			buildActionMask = 2147483647;
			files = (
				8D5741BD312F9F66536BFD74 /* Pods_CFFormExample.framework in Frameworks */,
			);
			runOnlyForDeploymentPostprocessing = 0;
		};
/* End PBXFrameworksBuildPhase section */

/* Begin PBXGroup section */
		2494E473C74A668F447B8E8E /* Frameworks */ = {
			isa = PBXGroup;
			children = (
				1E6A602B392AF8755625C7AE /* Pods_CFFormExample.framework */,
			);
			name = Frameworks;
			sourceTree = "<group>";
		};
		4FF4AAE3571A47111273287F /* Pods */ = {
			isa = PBXGroup;
			children = (
				E12269875CB75EE00C79F45B /* Pods-CFForm Example.debug.xcconfig */,
				1DE00D04E7898DB85DC86E29 /* Pods-CFForm Example.release.xcconfig */,
				72A041D47162E772A8702331 /* Pods-CFFormExample.debug.xcconfig */,
				2BA0080886D1ED04769A93AA /* Pods-CFFormExample.release.xcconfig */,
			);
			path = Pods;
			sourceTree = "<group>";
		};
		C19760E722DAF2DB0075B860 = {
			isa = PBXGroup;
			children = (
				C19760F222DAF2DB0075B860 /* CFFormExample */,
				C19760F122DAF2DB0075B860 /* Products */,
				4FF4AAE3571A47111273287F /* Pods */,
				2494E473C74A668F447B8E8E /* Frameworks */,
			);
			sourceTree = "<group>";
		};
		C19760F122DAF2DB0075B860 /* Products */ = {
			isa = PBXGroup;
			children = (
				C19760F022DAF2DB0075B860 /* CFFormExample.app */,
			);
			name = Products;
			sourceTree = "<group>";
		};
		C19760F222DAF2DB0075B860 /* CFFormExample */ = {
			isa = PBXGroup;
			children = (
				C1E74BCC22DCD182003D444B /* Library */,
				C197610722DAF5260075B860 /* Application */,
				C197610622DAF51F0075B860 /* CFForm */,
				C197610822DAF5330075B860 /* Resources */,
			);
			path = CFFormExample;
			sourceTree = "<group>";
		};
		C197610622DAF51F0075B860 /* CFForm */ = {
			isa = PBXGroup;
			children = (
				C197611522DCCD6B0075B860 /* Rule */,
				C197610E22DB2BE40075B860 /* Validation */,
				C197610A22DAFA0A0075B860 /* Core */,
				C19760F522DAF2DB0075B860 /* CFFormController.swift */,
			);
			path = CFForm;
			sourceTree = "<group>";
		};
		C197610722DAF5260075B860 /* Application */ = {
			isa = PBXGroup;
			children = (
				C19760FF22DAF2E30075B860 /* Info.plist */,
				C19760F322DAF2DB0075B860 /* AppDelegate.swift */,
				C19760FC22DAF2E30075B860 /* LaunchScreen.storyboard */,
			);
			path = Application;
			sourceTree = "<group>";
		};
		C197610822DAF5330075B860 /* Resources */ = {
			isa = PBXGroup;
			children = (
				C19760FA22DAF2E30075B860 /* Assets.xcassets */,
			);
			path = Resources;
			sourceTree = "<group>";
		};
		C197610A22DAFA0A0075B860 /* Core */ = {
			isa = PBXGroup;
			children = (
				C1BD743D22F0C53D00194DC7 /* Protocols */,
				C197610B22DAFA150075B860 /* CFForm.swift */,
				C1E74BD022DCD2D6003D444B /* CFLoadableField.swift */,
			);
			path = Core;
			sourceTree = "<group>";
		};
		C197610E22DB2BE40075B860 /* Validation */ = {
			isa = PBXGroup;
			children = (
				C19BA07A22F6B911004E2881 /* Core */,
				C19BA07922F6B90A004E2881 /* Predefined */,
			);
			path = Validation;
			sourceTree = "<group>";
		};
		C197611522DCCD6B0075B860 /* Rule */ = {
			isa = PBXGroup;
			children = (
				C1E74BC622DCCDC8003D444B /* CFTransformation.swift */,
			);
			path = Rule;
			sourceTree = "<group>";
		};
		C19BA07922F6B90A004E2881 /* Predefined */ = {
			isa = PBXGroup;
			children = (
				C19BA07B22F6B94D004E2881 /* CFRangeValidationRule.swift */,
			);
			path = Predefined;
			sourceTree = "<group>";
		};
		C19BA07A22F6B911004E2881 /* Core */ = {
			isa = PBXGroup;
			children = (
				C197610F22DB2BF30075B860 /* CFValidationError.swift */,
				C197611122DB2C570075B860 /* CFValidationPolicy.swift */,
				C197611322DCC82B0075B860 /* CFValidationRule.swift */,
			);
			path = Core;
			sourceTree = "<group>";
		};
		C1BD743D22F0C53D00194DC7 /* Protocols */ = {
			isa = PBXGroup;
			children = (
				C1E74BC822DCCE3E003D444B /* CFFieldAbstract.swift */,
				C1E74BCA22DCCEA1003D444B /* CFSectionAbstract.swift */,
				C1BD743E22F0C55600194DC7 /* CFFormAbstract.swift */,
			);
			path = Protocols;
			sourceTree = "<group>";
		};
		C1E74BCC22DCD182003D444B /* Library */ = {
			isa = PBXGroup;
			children = (
				C1E74BCD22DCD189003D444B /* Extension */,
			);
			path = Library;
			sourceTree = "<group>";
		};
		C1E74BCD22DCD189003D444B /* Extension */ = {
			isa = PBXGroup;
			children = (
				C1E74BCE22DCD19C003D444B /* BaseTableDataDisplayManager.swift */,
				C19BA07D22F6BB98004E2881 /* Result.swift */,
			);
			path = Extension;
			sourceTree = "<group>";
		};
/* End PBXGroup section */

/* Begin PBXNativeTarget section */
		C19760EF22DAF2DB0075B860 /* CFFormExample */ = {
			isa = PBXNativeTarget;
			buildConfigurationList = C197610222DAF2E30075B860 /* Build configuration list for PBXNativeTarget "CFFormExample" */;
			buildPhases = (
				5339549E70F2056A7D5036C3 /* [CP] Check Pods Manifest.lock */,
				C197610522DAF4F30075B860 /* Swift lint */,
				C19760EC22DAF2DB0075B860 /* Sources */,
				C19760ED22DAF2DB0075B860 /* Frameworks */,
				C19760EE22DAF2DB0075B860 /* Resources */,
				2C20DD4D9D6EDF672F52866F /* [CP] Embed Pods Frameworks */,
			);
			buildRules = (
			);
			dependencies = (
			);
			name = CFFormExample;
			productName = "CFForm Example";
			productReference = C19760F022DAF2DB0075B860 /* CFFormExample.app */;
			productType = "com.apple.product-type.application";
		};
/* End PBXNativeTarget section */

/* Begin PBXProject section */
		C19760E822DAF2DB0075B860 /* Project object */ = {
			isa = PBXProject;
			attributes = {
				LastSwiftUpdateCheck = 1020;
				LastUpgradeCheck = 1020;
				ORGANIZATIONNAME = "Александр Филимонов";
				TargetAttributes = {
					C19760EF22DAF2DB0075B860 = {
						CreatedOnToolsVersion = 10.2;
					};
				};
			};
			buildConfigurationList = C19760EB22DAF2DB0075B860 /* Build configuration list for PBXProject "CFFormExample" */;
			compatibilityVersion = "Xcode 9.3";
			developmentRegion = en;
			hasScannedForEncodings = 0;
			knownRegions = (
				en,
				Base,
			);
			mainGroup = C19760E722DAF2DB0075B860;
			productRefGroup = C19760F122DAF2DB0075B860 /* Products */;
			projectDirPath = "";
			projectRoot = "";
			targets = (
				C19760EF22DAF2DB0075B860 /* CFFormExample */,
			);
		};
/* End PBXProject section */

/* Begin PBXResourcesBuildPhase section */
		C19760EE22DAF2DB0075B860 /* Resources */ = {
			isa = PBXResourcesBuildPhase;
			buildActionMask = 2147483647;
			files = (
				C19760FE22DAF2E30075B860 /* LaunchScreen.storyboard in Resources */,
				C19760FB22DAF2E30075B860 /* Assets.xcassets in Resources */,
			);
			runOnlyForDeploymentPostprocessing = 0;
		};
/* End PBXResourcesBuildPhase section */

/* Begin PBXShellScriptBuildPhase section */
		2C20DD4D9D6EDF672F52866F /* [CP] Embed Pods Frameworks */ = {
			isa = PBXShellScriptBuildPhase;
			buildActionMask = 2147483647;
			files = (
			);
			inputFileListPaths = (
				"${PODS_ROOT}/Target Support Files/Pods-CFFormExample/Pods-CFFormExample-frameworks-${CONFIGURATION}-input-files.xcfilelist",
			);
			name = "[CP] Embed Pods Frameworks";
			outputFileListPaths = (
				"${PODS_ROOT}/Target Support Files/Pods-CFFormExample/Pods-CFFormExample-frameworks-${CONFIGURATION}-output-files.xcfilelist",
			);
			runOnlyForDeploymentPostprocessing = 0;
			shellPath = /bin/sh;
			shellScript = "\"${PODS_ROOT}/Target Support Files/Pods-CFFormExample/Pods-CFFormExample-frameworks.sh\"\n";
			showEnvVarsInLog = 0;
		};
		5339549E70F2056A7D5036C3 /* [CP] Check Pods Manifest.lock */ = {
			isa = PBXShellScriptBuildPhase;
			buildActionMask = 2147483647;
			files = (
			);
			inputFileListPaths = (
			);
			inputPaths = (
				"${PODS_PODFILE_DIR_PATH}/Podfile.lock",
				"${PODS_ROOT}/Manifest.lock",
			);
			name = "[CP] Check Pods Manifest.lock";
			outputFileListPaths = (
			);
			outputPaths = (
				"$(DERIVED_FILE_DIR)/Pods-CFFormExample-checkManifestLockResult.txt",
			);
			runOnlyForDeploymentPostprocessing = 0;
			shellPath = /bin/sh;
			shellScript = "diff \"${PODS_PODFILE_DIR_PATH}/Podfile.lock\" \"${PODS_ROOT}/Manifest.lock\" > /dev/null\nif [ $? != 0 ] ; then\n    # print error to STDERR\n    echo \"error: The sandbox is not in sync with the Podfile.lock. Run 'pod install' or update your CocoaPods installation.\" >&2\n    exit 1\nfi\n# This output is used by Xcode 'outputs' to avoid re-running this script phase.\necho \"SUCCESS\" > \"${SCRIPT_OUTPUT_FILE_0}\"\n";
			showEnvVarsInLog = 0;
		};
		C197610522DAF4F30075B860 /* Swift lint */ = {
			isa = PBXShellScriptBuildPhase;
			buildActionMask = 2147483647;
			files = (
			);
			inputFileListPaths = (
			);
			inputPaths = (
			);
			name = "Swift lint";
			outputFileListPaths = (
			);
			outputPaths = (
			);
			runOnlyForDeploymentPostprocessing = 0;
			shellPath = /bin/sh;
			shellScript = "if which \"${SRCROOT}/Pods/SwiftLint/swiftlint\" >/dev/null; then\n${SRCROOT}/Pods/SwiftLint/swiftlint --config \"${SRCROOT}/.swiftlint.yml\"\nelse\necho \"error: SwiftLint does not exist, download it from https://github.com/realm/SwiftLint\"\nexit 1\nfi\n";
		};
/* End PBXShellScriptBuildPhase section */

/* Begin PBXSourcesBuildPhase section */
		C19760EC22DAF2DB0075B860 /* Sources */ = {
			isa = PBXSourcesBuildPhase;
			buildActionMask = 2147483647;
			files = (
				C1BD743F22F0C55600194DC7 /* CFFormAbstract.swift in Sources */,
				C19BA07C22F6B94D004E2881 /* CFRangeValidationRule.swift in Sources */,
				C1E74BD122DCD2D6003D444B /* CFLoadableField.swift in Sources */,
				C197611222DB2C570075B860 /* CFValidationPolicy.swift in Sources */,
				C19BA07E22F6BB98004E2881 /* Result.swift in Sources */,
				C1E74BC922DCCE3E003D444B /* CFFieldAbstract.swift in Sources */,
				C1E74BCF22DCD19C003D444B /* BaseTableDataDisplayManager.swift in Sources */,
				C1E74BC722DCCDC8003D444B /* CFTransformation.swift in Sources */,
				C197611422DCC82B0075B860 /* CFValidationRule.swift in Sources */,
				C197611022DB2BF30075B860 /* CFValidationError.swift in Sources */,
				C197610922DAF97D0075B860 /* CFFormController.swift in Sources */,
				C197610C22DAFA150075B860 /* CFForm.swift in Sources */,
				C1E74BCB22DCCEA1003D444B /* CFSectionAbstract.swift in Sources */,
				C19760F422DAF2DB0075B860 /* AppDelegate.swift in Sources */,
			);
			runOnlyForDeploymentPostprocessing = 0;
		};
/* End PBXSourcesBuildPhase section */

/* Begin PBXVariantGroup section */
		C19760FC22DAF2E30075B860 /* LaunchScreen.storyboard */ = {
			isa = PBXVariantGroup;
			children = (
				C19760FD22DAF2E30075B860 /* Base */,
			);
			name = LaunchScreen.storyboard;
			sourceTree = "<group>";
		};
/* End PBXVariantGroup section */

/* Begin XCBuildConfiguration section */
		C197610022DAF2E30075B860 /* Debug */ = {
			isa = XCBuildConfiguration;
			buildSettings = {
				ALWAYS_SEARCH_USER_PATHS = NO;
				CLANG_ANALYZER_NONNULL = YES;
				CLANG_ANALYZER_NUMBER_OBJECT_CONVERSION = YES_AGGRESSIVE;
				CLANG_CXX_LANGUAGE_STANDARD = "gnu++14";
				CLANG_CXX_LIBRARY = "libc++";
				CLANG_ENABLE_MODULES = YES;
				CLANG_ENABLE_OBJC_ARC = YES;
				CLANG_ENABLE_OBJC_WEAK = YES;
				CLANG_WARN_BLOCK_CAPTURE_AUTORELEASING = YES;
				CLANG_WARN_BOOL_CONVERSION = YES;
				CLANG_WARN_COMMA = YES;
				CLANG_WARN_CONSTANT_CONVERSION = YES;
				CLANG_WARN_DEPRECATED_OBJC_IMPLEMENTATIONS = YES;
				CLANG_WARN_DIRECT_OBJC_ISA_USAGE = YES_ERROR;
				CLANG_WARN_DOCUMENTATION_COMMENTS = YES;
				CLANG_WARN_EMPTY_BODY = YES;
				CLANG_WARN_ENUM_CONVERSION = YES;
				CLANG_WARN_INFINITE_RECURSION = YES;
				CLANG_WARN_INT_CONVERSION = YES;
				CLANG_WARN_NON_LITERAL_NULL_CONVERSION = YES;
				CLANG_WARN_OBJC_IMPLICIT_RETAIN_SELF = YES;
				CLANG_WARN_OBJC_LITERAL_CONVERSION = YES;
				CLANG_WARN_OBJC_ROOT_CLASS = YES_ERROR;
				CLANG_WARN_RANGE_LOOP_ANALYSIS = YES;
				CLANG_WARN_STRICT_PROTOTYPES = YES;
				CLANG_WARN_SUSPICIOUS_MOVE = YES;
				CLANG_WARN_UNGUARDED_AVAILABILITY = YES_AGGRESSIVE;
				CLANG_WARN_UNREACHABLE_CODE = YES;
				CLANG_WARN__DUPLICATE_METHOD_MATCH = YES;
				CODE_SIGN_IDENTITY = "iPhone Developer";
				COPY_PHASE_STRIP = NO;
				DEBUG_INFORMATION_FORMAT = dwarf;
				ENABLE_STRICT_OBJC_MSGSEND = YES;
				ENABLE_TESTABILITY = YES;
				GCC_C_LANGUAGE_STANDARD = gnu11;
				GCC_DYNAMIC_NO_PIC = NO;
				GCC_NO_COMMON_BLOCKS = YES;
				GCC_OPTIMIZATION_LEVEL = 0;
				GCC_PREPROCESSOR_DEFINITIONS = (
					"DEBUG=1",
					"$(inherited)",
				);
				GCC_WARN_64_TO_32_BIT_CONVERSION = YES;
				GCC_WARN_ABOUT_RETURN_TYPE = YES_ERROR;
				GCC_WARN_UNDECLARED_SELECTOR = YES;
				GCC_WARN_UNINITIALIZED_AUTOS = YES_AGGRESSIVE;
				GCC_WARN_UNUSED_FUNCTION = YES;
				GCC_WARN_UNUSED_VARIABLE = YES;
				IPHONEOS_DEPLOYMENT_TARGET = 12.2;
				MTL_ENABLE_DEBUG_INFO = INCLUDE_SOURCE;
				MTL_FAST_MATH = YES;
				ONLY_ACTIVE_ARCH = YES;
				SDKROOT = iphoneos;
				SWIFT_ACTIVE_COMPILATION_CONDITIONS = DEBUG;
				SWIFT_OPTIMIZATION_LEVEL = "-Onone";
			};
			name = Debug;
		};
		C197610122DAF2E30075B860 /* Release */ = {
			isa = XCBuildConfiguration;
			buildSettings = {
				ALWAYS_SEARCH_USER_PATHS = NO;
				CLANG_ANALYZER_NONNULL = YES;
				CLANG_ANALYZER_NUMBER_OBJECT_CONVERSION = YES_AGGRESSIVE;
				CLANG_CXX_LANGUAGE_STANDARD = "gnu++14";
				CLANG_CXX_LIBRARY = "libc++";
				CLANG_ENABLE_MODULES = YES;
				CLANG_ENABLE_OBJC_ARC = YES;
				CLANG_ENABLE_OBJC_WEAK = YES;
				CLANG_WARN_BLOCK_CAPTURE_AUTORELEASING = YES;
				CLANG_WARN_BOOL_CONVERSION = YES;
				CLANG_WARN_COMMA = YES;
				CLANG_WARN_CONSTANT_CONVERSION = YES;
				CLANG_WARN_DEPRECATED_OBJC_IMPLEMENTATIONS = YES;
				CLANG_WARN_DIRECT_OBJC_ISA_USAGE = YES_ERROR;
				CLANG_WARN_DOCUMENTATION_COMMENTS = YES;
				CLANG_WARN_EMPTY_BODY = YES;
				CLANG_WARN_ENUM_CONVERSION = YES;
				CLANG_WARN_INFINITE_RECURSION = YES;
				CLANG_WARN_INT_CONVERSION = YES;
				CLANG_WARN_NON_LITERAL_NULL_CONVERSION = YES;
				CLANG_WARN_OBJC_IMPLICIT_RETAIN_SELF = YES;
				CLANG_WARN_OBJC_LITERAL_CONVERSION = YES;
				CLANG_WARN_OBJC_ROOT_CLASS = YES_ERROR;
				CLANG_WARN_RANGE_LOOP_ANALYSIS = YES;
				CLANG_WARN_STRICT_PROTOTYPES = YES;
				CLANG_WARN_SUSPICIOUS_MOVE = YES;
				CLANG_WARN_UNGUARDED_AVAILABILITY = YES_AGGRESSIVE;
				CLANG_WARN_UNREACHABLE_CODE = YES;
				CLANG_WARN__DUPLICATE_METHOD_MATCH = YES;
				CODE_SIGN_IDENTITY = "iPhone Developer";
				COPY_PHASE_STRIP = NO;
				DEBUG_INFORMATION_FORMAT = "dwarf-with-dsym";
				ENABLE_NS_ASSERTIONS = NO;
				ENABLE_STRICT_OBJC_MSGSEND = YES;
				GCC_C_LANGUAGE_STANDARD = gnu11;
				GCC_NO_COMMON_BLOCKS = YES;
				GCC_WARN_64_TO_32_BIT_CONVERSION = YES;
				GCC_WARN_ABOUT_RETURN_TYPE = YES_ERROR;
				GCC_WARN_UNDECLARED_SELECTOR = YES;
				GCC_WARN_UNINITIALIZED_AUTOS = YES_AGGRESSIVE;
				GCC_WARN_UNUSED_FUNCTION = YES;
				GCC_WARN_UNUSED_VARIABLE = YES;
				IPHONEOS_DEPLOYMENT_TARGET = 12.2;
				MTL_ENABLE_DEBUG_INFO = NO;
				MTL_FAST_MATH = YES;
				SDKROOT = iphoneos;
				SWIFT_COMPILATION_MODE = wholemodule;
				SWIFT_OPTIMIZATION_LEVEL = "-O";
				VALIDATE_PRODUCT = YES;
			};
			name = Release;
		};
		C197610322DAF2E30075B860 /* Debug */ = {
			isa = XCBuildConfiguration;
			baseConfigurationReference = 72A041D47162E772A8702331 /* Pods-CFFormExample.debug.xcconfig */;
			buildSettings = {
				ASSETCATALOG_COMPILER_APPICON_NAME = AppIcon;
				CODE_SIGN_STYLE = Automatic;
				DEVELOPMENT_TEAM = 489RNAA8R2;
				INFOPLIST_FILE = CFFormExample/Application/Info.plist;
				IPHONEOS_DEPLOYMENT_TARGET = 11.0;
				LD_RUNPATH_SEARCH_PATHS = (
					"$(inherited)",
					"@executable_path/Frameworks",
				);
				PRODUCT_BUNDLE_IDENTIFIER = ru.alexfilimon.CFFormExample;
				PRODUCT_NAME = "$(TARGET_NAME)";
				SWIFT_VERSION = 5.0;
				TARGETED_DEVICE_FAMILY = 1;
			};
			name = Debug;
		};
		C197610422DAF2E30075B860 /* Release */ = {
			isa = XCBuildConfiguration;
			baseConfigurationReference = 2BA0080886D1ED04769A93AA /* Pods-CFFormExample.release.xcconfig */;
			buildSettings = {
				ASSETCATALOG_COMPILER_APPICON_NAME = AppIcon;
				CODE_SIGN_STYLE = Automatic;
				DEVELOPMENT_TEAM = 489RNAA8R2;
				INFOPLIST_FILE = CFFormExample/Application/Info.plist;
				IPHONEOS_DEPLOYMENT_TARGET = 11.0;
				LD_RUNPATH_SEARCH_PATHS = (
					"$(inherited)",
					"@executable_path/Frameworks",
				);
				PRODUCT_BUNDLE_IDENTIFIER = ru.alexfilimon.CFFormExample;
				PRODUCT_NAME = "$(TARGET_NAME)";
				SWIFT_VERSION = 5.0;
				TARGETED_DEVICE_FAMILY = 1;
			};
			name = Release;
		};
/* End XCBuildConfiguration section */

/* Begin XCConfigurationList section */
		C19760EB22DAF2DB0075B860 /* Build configuration list for PBXProject "CFFormExample" */ = {
			isa = XCConfigurationList;
			buildConfigurations = (
				C197610022DAF2E30075B860 /* Debug */,
				C197610122DAF2E30075B860 /* Release */,
			);
			defaultConfigurationIsVisible = 0;
			defaultConfigurationName = Release;
		};
		C197610222DAF2E30075B860 /* Build configuration list for PBXNativeTarget "CFFormExample" */ = {
			isa = XCConfigurationList;
			buildConfigurations = (
				C197610322DAF2E30075B860 /* Debug */,
				C197610422DAF2E30075B860 /* Release */,
			);
			defaultConfigurationIsVisible = 0;
			defaultConfigurationName = Release;
		};
/* End XCConfigurationList section */
	};
	rootObject = C19760E822DAF2DB0075B860 /* Project object */;
}
